
Microsoft Visual Studio Solution File, Format Version 12.00
# Visual Studio Version 17
VisualStudioVersion = 17.0.31903.59
MinimumVisualStudioVersion = 10.0.40219.1
Project("{2150E333-8FDC-42A3-9474-1A3956D46DE8}") = "src", "src", "{7EAB6786-EDC7-4857-8282-C2D21CB089B9}"
EndProject
Project("{FAE04EC0-301F-11D3-BF4B-00C04F79EFBC}") = "Softoverse.EntityFrameworkCore.Specification", "src\Softoverse.EntityFrameworkCore.Specification\Softoverse.EntityFrameworkCore.Specification.csproj", "{C3EFEF3C-D65F-42D7-977A-64A79AFBA148}"
EndProject
Project("{2150E333-8FDC-42A3-9474-1A3956D46DE8}") = "tests", "tests", "{7249D439-2FB8-45D6-988C-2DBA3C2D0A67}"
EndProject
Project("{FAE04EC0-301F-11D3-BF4B-00C04F79EFBC}") = "TestConsole", "tests\TestConsole\TestConsole.csproj", "{48241465-42C2-449A-85B6-16D91A75B566}"
EndProject
Global
	GlobalSection(SolutionConfigurationPlatforms) = preSolution
		Debug|Any CPU = Debug|Any CPU
		Release|Any CPU = Release|Any CPU
	EndGlobalSection
	GlobalSection(SolutionProperties) = preSolution
		HideSolutionNode = FALSE
	EndGlobalSection
	GlobalSection(ProjectConfigurationPlatforms) = postSolution
		{C3EFEF3C-D65F-42D7-977A-64A79AFBA148}.Debug|Any CPU.ActiveCfg = Debug|Any CPU
		{C3EFEF3C-D65F-42D7-977A-64A79AFBA148}.Debug|Any CPU.Build.0 = Debug|Any CPU
		{C3EFEF3C-D65F-42D7-977A-64A79AFBA148}.Release|Any CPU.ActiveCfg = Release|Any CPU
		{C3EFEF3C-D65F-42D7-977A-64A79AFBA148}.Release|Any CPU.Build.0 = Release|Any CPU
		{48241465-42C2-449A-85B6-16D91A75B566}.Debug|Any CPU.ActiveCfg = Debug|Any CPU
		{48241465-42C2-449A-85B6-16D91A75B566}.Debug|Any CPU.Build.0 = Debug|Any CPU
		{48241465-42C2-449A-85B6-16D91A75B566}.Release|Any CPU.ActiveCfg = Release|Any CPU
		{48241465-42C2-449A-85B6-16D91A75B566}.Release|Any CPU.Build.0 = Release|Any CPU
	EndGlobalSection
	GlobalSection(NestedProjects) = preSolution
		{C3EFEF3C-D65F-42D7-977A-64A79AFBA148} = {7EAB6786-EDC7-4857-8282-C2D21CB089B9}
		{48241465-42C2-449A-85B6-16D91A75B566} = {7249D439-2FB8-45D6-988C-2DBA3C2D0A67}
	EndGlobalSection
EndGlobal
